
Microsoft Visual Studio Solution File, Format Version 12.00
# Visual Studio Version 17
VisualStudioVersion = 17.5.33530.505
MinimumVisualStudioVersion = 10.0.40219.1
Project("{FAE04EC0-301F-11D3-BF4B-00C04F79EFBC}") = "MgicVilla_API", "MgicVilla_API\MgicVilla_API.csproj", "{6E99CBAB-DC13-4DA6-BE8A-0094CD8D8CAF}"
EndProject
Global
	GlobalSection(SolutionConfigurationPlatforms) = preSolution
		Debug|Any CPU = Debug|Any CPU
		Release|Any CPU = Release|Any CPU
	EndGlobalSection
	GlobalSection(ProjectConfigurationPlatforms) = postSolution
		{6E99CBAB-DC13-4DA6-BE8A-0094CD8D8CAF}.Debug|Any CPU.ActiveCfg = Debug|Any CPU
		{6E99CBAB-DC13-4DA6-BE8A-0094CD8D8CAF}.Debug|Any CPU.Build.0 = Debug|Any CPU
		{6E99CBAB-DC13-4DA6-BE8A-0094CD8D8CAF}.Release|Any CPU.ActiveCfg = Release|Any CPU
		{6E99CBAB-DC13-4DA6-BE8A-0094CD8D8CAF}.Release|Any CPU.Build.0 = Release|Any CPU
	EndGlobalSection
	GlobalSection(SolutionProperties) = preSolution
		HideSolutionNode = FALSE
	EndGlobalSection
	GlobalSection(ExtensibilityGlobals) = postSolution
		SolutionGuid = {30B15335-F116-43A3-8F8F-42F88F55F7B0}
	EndGlobalSection
EndGlobal
